
Microsoft Visual Studio Solution File, Format Version 11.00
# Visual Studio 2010
Project("{FAE04EC0-301F-11D3-BF4B-00C04F79EFBC}") = "Mara", "Mara\Mara.csproj", "{7F5042A0-60BE-4E15-B096-49742E10D331}"
EndProject
Project("{FAE04EC0-301F-11D3-BF4B-00C04F79EFBC}") = "Mara.Specs", "Mara.Specs\Mara.Specs.csproj", "{1AA9925C-CFA0-47ED-A3FF-DC818AEB810F}"
EndProject
Project("{FAE04EC0-301F-11D3-BF4B-00C04F79EFBC}") = "Mara.Drivers.WebDriver", "Mara.Drivers.WebDriver\Mara.Drivers.WebDriver.csproj", "{3150A5EE-F3B5-4DD4-8754-94986A68CB56}"
EndProject
Project("{FAE04EC0-301F-11D3-BF4B-00C04F79EFBC}") = "Mara.Drivers.WebDriver.Specs", "Mara.Drivers.WebDriver.Specs\Mara.Drivers.WebDriver.Specs.csproj", "{605249F8-3507-41CD-9BBC-5D3C22E63F38}"
EndProject
Project("{FAE04EC0-301F-11D3-BF4B-00C04F79EFBC}") = "Mara.Servers.XSP", "Mara.Servers.XSP\Mara.Servers.XSP.csproj", "{32D3EDD0-3123-46B3-82B1-51D3A01CACB5}"
EndProject
Project("{FAE04EC0-301F-11D3-BF4B-00C04F79EFBC}") = "Mara.Servers.XSP.Specs", "Mara.Servers.XSP.Specs\Mara.Servers.XSP.Specs.csproj", "{705047D8-72FB-4797-BE21-924A3C7BDF59}"
EndProject
Global
	GlobalSection(SolutionConfigurationPlatforms) = preSolution
		Debug|Any CPU = Debug|Any CPU
		Release|Any CPU = Release|Any CPU
	EndGlobalSection
	GlobalSection(ProjectConfigurationPlatforms) = postSolution
		{7F5042A0-60BE-4E15-B096-49742E10D331}.Debug|Any CPU.ActiveCfg = Debug|Any CPU
		{7F5042A0-60BE-4E15-B096-49742E10D331}.Debug|Any CPU.Build.0 = Debug|Any CPU
		{7F5042A0-60BE-4E15-B096-49742E10D331}.Release|Any CPU.ActiveCfg = Release|Any CPU
		{7F5042A0-60BE-4E15-B096-49742E10D331}.Release|Any CPU.Build.0 = Release|Any CPU
		{1AA9925C-CFA0-47ED-A3FF-DC818AEB810F}.Debug|Any CPU.ActiveCfg = Debug|Any CPU
		{1AA9925C-CFA0-47ED-A3FF-DC818AEB810F}.Debug|Any CPU.Build.0 = Debug|Any CPU
		{1AA9925C-CFA0-47ED-A3FF-DC818AEB810F}.Release|Any CPU.ActiveCfg = Release|Any CPU
		{1AA9925C-CFA0-47ED-A3FF-DC818AEB810F}.Release|Any CPU.Build.0 = Release|Any CPU
		{3150A5EE-F3B5-4DD4-8754-94986A68CB56}.Debug|Any CPU.ActiveCfg = Debug|Any CPU
		{3150A5EE-F3B5-4DD4-8754-94986A68CB56}.Debug|Any CPU.Build.0 = Debug|Any CPU
		{3150A5EE-F3B5-4DD4-8754-94986A68CB56}.Release|Any CPU.ActiveCfg = Release|Any CPU
		{3150A5EE-F3B5-4DD4-8754-94986A68CB56}.Release|Any CPU.Build.0 = Release|Any CPU
		{605249F8-3507-41CD-9BBC-5D3C22E63F38}.Debug|Any CPU.ActiveCfg = Debug|Any CPU
		{605249F8-3507-41CD-9BBC-5D3C22E63F38}.Debug|Any CPU.Build.0 = Debug|Any CPU
		{605249F8-3507-41CD-9BBC-5D3C22E63F38}.Release|Any CPU.ActiveCfg = Release|Any CPU
		{605249F8-3507-41CD-9BBC-5D3C22E63F38}.Release|Any CPU.Build.0 = Release|Any CPU
		{32D3EDD0-3123-46B3-82B1-51D3A01CACB5}.Debug|Any CPU.ActiveCfg = Debug|Any CPU
		{32D3EDD0-3123-46B3-82B1-51D3A01CACB5}.Debug|Any CPU.Build.0 = Debug|Any CPU
		{32D3EDD0-3123-46B3-82B1-51D3A01CACB5}.Release|Any CPU.ActiveCfg = Release|Any CPU
		{32D3EDD0-3123-46B3-82B1-51D3A01CACB5}.Release|Any CPU.Build.0 = Release|Any CPU
		{705047D8-72FB-4797-BE21-924A3C7BDF59}.Debug|Any CPU.ActiveCfg = Debug|Any CPU
		{705047D8-72FB-4797-BE21-924A3C7BDF59}.Debug|Any CPU.Build.0 = Debug|Any CPU
		{705047D8-72FB-4797-BE21-924A3C7BDF59}.Release|Any CPU.ActiveCfg = Release|Any CPU
		{705047D8-72FB-4797-BE21-924A3C7BDF59}.Release|Any CPU.Build.0 = Release|Any CPU
	EndGlobalSection
	GlobalSection(SolutionProperties) = preSolution
		HideSolutionNode = FALSE
	EndGlobalSection
EndGlobal
